
Microsoft Visual Studio Solution File, Format Version 12.00
# Visual Studio Version 16
VisualStudioVersion = 16.0.31702.278
MinimumVisualStudioVersion = 10.0.40219.1
Project("{FAE04EC0-301F-11D3-BF4B-00C04F79EFBC}") = "WindowsFormsApp3", "WindowsFormsApp3\WindowsFormsApp3.csproj", "{228E4002-7E97-48B7-AFD0-C6DC8AA10E79}"
EndProject
Global
	GlobalSection(SolutionConfigurationPlatforms) = preSolution
		Debug|Any CPU = Debug|Any CPU
		Release|Any CPU = Release|Any CPU
	EndGlobalSection
	GlobalSection(ProjectConfigurationPlatforms) = postSolution
		{228E4002-7E97-48B7-AFD0-C6DC8AA10E79}.Debug|Any CPU.ActiveCfg = Debug|Any CPU
		{228E4002-7E97-48B7-AFD0-C6DC8AA10E79}.Debug|Any CPU.Build.0 = Debug|Any CPU
		{228E4002-7E97-48B7-AFD0-C6DC8AA10E79}.Release|Any CPU.ActiveCfg = Release|Any CPU
		{228E4002-7E97-48B7-AFD0-C6DC8AA10E79}.Release|Any CPU.Build.0 = Release|Any CPU
	EndGlobalSection
	GlobalSection(SolutionProperties) = preSolution
		HideSolutionNode = FALSE
	EndGlobalSection
	GlobalSection(ExtensibilityGlobals) = postSolution
		SolutionGuid = {27A352ED-7F9E-4216-9469-79E085870B26}
	EndGlobalSection
EndGlobal
